// !$*UTF8*$!
{
	archiveVersion = 1;
	classes = {
	};
	objectVersion = 46;
	objects = {

/* Begin PBXBuildFile section */
		D0D229531D90D56C00810687 /* main.m in Sources */ = {isa = PBXBuildFile; fileRef = D0D229521D90D56C00810687 /* main.m */; };
		D0D229561D90D56C00810687 /* AppDelegate.m in Sources */ = {isa = PBXBuildFile; fileRef = D0D229551D90D56C00810687 /* AppDelegate.m */; };
		D0D229591D90D56C00810687 /* ViewController.m in Sources */ = {isa = PBXBuildFile; fileRef = D0D229581D90D56C00810687 /* ViewController.m */; };
		D0D2295C1D90D56C00810687 /* Main.storyboard in Resources */ = {isa = PBXBuildFile; fileRef = D0D2295A1D90D56C00810687 /* Main.storyboard */; };
		D0D2295E1D90D56C00810687 /* Assets.xcassets in Resources */ = {isa = PBXBuildFile; fileRef = D0D2295D1D90D56C00810687 /* Assets.xcassets */; };
		D0D229611D90D56C00810687 /* LaunchScreen.storyboard in Resources */ = {isa = PBXBuildFile; fileRef = D0D2295F1D90D56C00810687 /* LaunchScreen.storyboard */; };
		D0D2296C1D90D56C00810687 /* oooTests.m in Sources */ = {isa = PBXBuildFile; fileRef = D0D2296B1D90D56C00810687 /* oooTests.m */; };
		D0D229771D90D56C00810687 /* oooUITests.m in Sources */ = {isa = PBXBuildFile; fileRef = D0D229761D90D56C00810687 /* oooUITests.m */; };
/* End PBXBuildFile section */

/* Begin PBXContainerItemProxy section */
		D0D229681D90D56C00810687 /* PBXContainerItemProxy */ = {
			isa = PBXContainerItemProxy;
			containerPortal = D0D229461D90D56C00810687 /* Project object */;
			proxyType = 1;
			remoteGlobalIDString = D0D2294D1D90D56C00810687;
			remoteInfo = ooo;
		};
		D0D229731D90D56C00810687 /* PBXContainerItemProxy */ = {
			isa = PBXContainerItemProxy;
			containerPortal = D0D229461D90D56C00810687 /* Project object */;
			proxyType = 1;
			remoteGlobalIDString = D0D2294D1D90D56C00810687;
			remoteInfo = ooo;
		};
/* End PBXContainerItemProxy section */

/* Begin PBXFileReference section */
		D0D2294E1D90D56C00810687 /* ooo.app */ = {isa = PBXFileReference; explicitFileType = wrapper.application; includeInIndex = 0; path = ooo.app; sourceTree = BUILT_PRODUCTS_DIR; };
		D0D229521D90D56C00810687 /* main.m */ = {isa = PBXFileReference; lastKnownFileType = sourcecode.c.objc; path = main.m; sourceTree = "<group>"; };
		D0D229541D90D56C00810687 /* AppDelegate.h */ = {isa = PBXFileReference; lastKnownFileType = sourcecode.c.h; path = AppDelegate.h; sourceTree = "<group>"; };
		D0D229551D90D56C00810687 /* AppDelegate.m */ = {isa = PBXFileReference; lastKnownFileType = sourcecode.c.objc; path = AppDelegate.m; sourceTree = "<group>"; };
		D0D229571D90D56C00810687 /* ViewController.h */ = {isa = PBXFileReference; lastKnownFileType = sourcecode.c.h; path = ViewController.h; sourceTree = "<group>"; };
		D0D229581D90D56C00810687 /* ViewController.m */ = {isa = PBXFileReference; lastKnownFileType = sourcecode.c.objc; path = ViewController.m; sourceTree = "<group>"; };
		D0D2295B1D90D56C00810687 /* Base */ = {isa = PBXFileReference; lastKnownFileType = file.storyboard; name = Base; path = Base.lproj/Main.storyboard; sourceTree = "<group>"; };
		D0D2295D1D90D56C00810687 /* Assets.xcassets */ = {isa = PBXFileReference; lastKnownFileType = folder.assetcatalog; path = Assets.xcassets; sourceTree = "<group>"; };
		D0D229601D90D56C00810687 /* Base */ = {isa = PBXFileReference; lastKnownFileType = file.storyboard; name = Base; path = Base.lproj/LaunchScreen.storyboard; sourceTree = "<group>"; };
		D0D229621D90D56C00810687 /* Info.plist */ = {isa = PBXFileReference; lastKnownFileType = text.plist.xml; path = Info.plist; sourceTree = "<group>"; };
		D0D229671D90D56C00810687 /* oooTests.xctest */ = {isa = PBXFileReference; explicitFileType = wrapper.cfbundle; includeInIndex = 0; path = oooTests.xctest; sourceTree = BUILT_PRODUCTS_DIR; };
		D0D2296B1D90D56C00810687 /* oooTests.m */ = {isa = PBXFileReference; lastKnownFileType = sourcecode.c.objc; path = oooTests.m; sourceTree = "<group>"; };
		D0D2296D1D90D56C00810687 /* Info.plist */ = {isa = PBXFileReference; lastKnownFileType = text.plist.xml; path = Info.plist; sourceTree = "<group>"; };
		D0D229721D90D56C00810687 /* oooUITests.xctest */ = {isa = PBXFileReference; explicitFileType = wrapper.cfbundle; includeInIndex = 0; path = oooUITests.xctest; sourceTree = BUILT_PRODUCTS_DIR; };
		D0D229761D90D56C00810687 /* oooUITests.m */ = {isa = PBXFileReference; lastKnownFileType = sourcecode.c.objc; path = oooUITests.m; sourceTree = "<group>"; };
		D0D229781D90D56C00810687 /* Info.plist */ = {isa = PBXFileReference; lastKnownFileType = text.plist.xml; path = Info.plist; sourceTree = "<group>"; };
/* End PBXFileReference section */

/* Begin PBXFrameworksBuildPhase section */
		D0D2294B1D90D56C00810687 /* Frameworks */ = {
			isa = PBXFrameworksBuildPhase;
			buildActionMask = 2147483647;
			files = (
			);
			runOnlyForDeploymentPostprocessing = 0;
		};
		D0D229641D90D56C00810687 /* Frameworks */ = {
			isa = PBXFrameworksBuildPhase;
			buildActionMask = 2147483647;
			files = (
			);
			runOnlyForDeploymentPostprocessing = 0;
		};
		D0D2296F1D90D56C00810687 /* Frameworks */ = {
			isa = PBXFrameworksBuildPhase;
			buildActionMask = 2147483647;
			files = (
			);
			runOnlyForDeploymentPostprocessing = 0;
		};
/* End PBXFrameworksBuildPhase section */

/* Begin PBXGroup section */
		D0D229451D90D56C00810687 = {
			isa = PBXGroup;
			children = (
				D0D229501D90D56C00810687 /* ooo */,
				D0D2296A1D90D56C00810687 /* oooTests */,
				D0D229751D90D56C00810687 /* oooUITests */,
				D0D2294F1D90D56C00810687 /* Products */,
			);
			sourceTree = "<group>";
		};
		D0D2294F1D90D56C00810687 /* Products */ = {
			isa = PBXGroup;
			children = (
				D0D2294E1D90D56C00810687 /* ooo.app */,
				D0D229671D90D56C00810687 /* oooTests.xctest */,
				D0D229721D90D56C00810687 /* oooUITests.xctest */,
			);
			name = Products;
			sourceTree = "<group>";
		};
		D0D229501D90D56C00810687 /* ooo */ = {
			isa = PBXGroup;
			children = (
				D0D229541D90D56C00810687 /* AppDelegate.h */,
				D0D229551D90D56C00810687 /* AppDelegate.m */,
				D0D229571D90D56C00810687 /* ViewController.h */,
				D0D229581D90D56C00810687 /* ViewController.m */,
				D0D2295A1D90D56C00810687 /* Main.storyboard */,
				D0D2295D1D90D56C00810687 /* Assets.xcassets */,
				D0D2295F1D90D56C00810687 /* LaunchScreen.storyboard */,
				D0D229621D90D56C00810687 /* Info.plist */,
				D0D229511D90D56C00810687 /* Supporting Files */,
			);
			path = ooo;
			sourceTree = "<group>";
		};
		D0D229511D90D56C00810687 /* Supporting Files */ = {
			isa = PBXGroup;
			children = (
				D0D229521D90D56C00810687 /* main.m */,
			);
			name = "Supporting Files";
			sourceTree = "<group>";
		};
		D0D2296A1D90D56C00810687 /* oooTests */ = {
			isa = PBXGroup;
			children = (
				D0D2296B1D90D56C00810687 /* oooTests.m */,
				D0D2296D1D90D56C00810687 /* Info.plist */,
			);
			path = oooTests;
			sourceTree = "<group>";
		};
		D0D229751D90D56C00810687 /* oooUITests */ = {
			isa = PBXGroup;
			children = (
				D0D229761D90D56C00810687 /* oooUITests.m */,
				D0D229781D90D56C00810687 /* Info.plist */,
			);
			path = oooUITests;
			sourceTree = "<group>";
		};
/* End PBXGroup section */

/* Begin PBXNativeTarget section */
		D0D2294D1D90D56C00810687 /* ooo */ = {
			isa = PBXNativeTarget;
			buildConfigurationList = D0D2297B1D90D56C00810687 /* Build configuration list for PBXNativeTarget "ooo" */;
			buildPhases = (
				D0D2294A1D90D56C00810687 /* Sources */,
				D0D2294B1D90D56C00810687 /* Frameworks */,
				D0D2294C1D90D56C00810687 /* Resources */,
			);
			buildRules = (
			);
			dependencies = (
			);
			name = ooo;
			productName = ooo;
			productReference = D0D2294E1D90D56C00810687 /* ooo.app */;
			productType = "com.apple.product-type.application";
		};
		D0D229661D90D56C00810687 /* oooTests */ = {
			isa = PBXNativeTarget;
			buildConfigurationList = D0D2297E1D90D56C00810687 /* Build configuration list for PBXNativeTarget "oooTests" */;
			buildPhases = (
				D0D229631D90D56C00810687 /* Sources */,
				D0D229641D90D56C00810687 /* Frameworks */,
				D0D229651D90D56C00810687 /* Resources */,
			);
			buildRules = (
			);
			dependencies = (
				D0D229691D90D56C00810687 /* PBXTargetDependency */,
			);
			name = oooTests;
			productName = oooTests;
			productReference = D0D229671D90D56C00810687 /* oooTests.xctest */;
			productType = "com.apple.product-type.bundle.unit-test";
		};
		D0D229711D90D56C00810687 /* oooUITests */ = {
			isa = PBXNativeTarget;
			buildConfigurationList = D0D229811D90D56C00810687 /* Build configuration list for PBXNativeTarget "oooUITests" */;
			buildPhases = (
				D0D2296E1D90D56C00810687 /* Sources */,
				D0D2296F1D90D56C00810687 /* Frameworks */,
				D0D229701D90D56C00810687 /* Resources */,
			);
			buildRules = (
			);
			dependencies = (
				D0D229741D90D56C00810687 /* PBXTargetDependency */,
			);
			name = oooUITests;
			productName = oooUITests;
			productReference = D0D229721D90D56C00810687 /* oooUITests.xctest */;
			productType = "com.apple.product-type.bundle.ui-testing";
		};
/* End PBXNativeTarget section */

/* Begin PBXProject section */
		D0D229461D90D56C00810687 /* Project object */ = {
			isa = PBXProject;
			attributes = {
				LastUpgradeCheck = 0800;
				ORGANIZATIONNAME = itcast;
				TargetAttributes = {
					D0D2294D1D90D56C00810687 = {
						CreatedOnToolsVersion = 8.0;
						ProvisioningStyle = Automatic;
					};
					D0D229661D90D56C00810687 = {
						CreatedOnToolsVersion = 8.0;
						ProvisioningStyle = Automatic;
						TestTargetID = D0D2294D1D90D56C00810687;
					};
					D0D229711D90D56C00810687 = {
						CreatedOnToolsVersion = 8.0;
						ProvisioningStyle = Automatic;
						TestTargetID = D0D2294D1D90D56C00810687;
					};
				};
			};
			buildConfigurationList = D0D229491D90D56C00810687 /* Build configuration list for PBXProject "ooo" */;
			compatibilityVersion = "Xcode 3.2";
			developmentRegion = English;
			hasScannedForEncodings = 0;
			knownRegions = (
				en,
				Base,
			);
			mainGroup = D0D229451D90D56C00810687;
			productRefGroup = D0D2294F1D90D56C00810687 /* Products */;
			projectDirPath = "";
			projectRoot = "";
			targets = (
				D0D2294D1D90D56C00810687 /* ooo */,
				D0D229661D90D56C00810687 /* oooTests */,
				D0D229711D90D56C00810687 /* oooUITests */,
			);
		};
/* End PBXProject section */

/* Begin PBXResourcesBuildPhase section */
		D0D2294C1D90D56C00810687 /* Resources */ = {
			isa = PBXResourcesBuildPhase;
			buildActionMask = 2147483647;
			files = (
				D0D229611D90D56C00810687 /* LaunchScreen.storyboard in Resources */,
				D0D2295E1D90D56C00810687 /* Assets.xcassets in Resources */,
				D0D2295C1D90D56C00810687 /* Main.storyboard in Resources */,
			);
			runOnlyForDeploymentPostprocessing = 0;
		};
		D0D229651D90D56C00810687 /* Resources */ = {
			isa = PBXResourcesBuildPhase;
			buildActionMask = 2147483647;
			files = (
			);
			runOnlyForDeploymentPostprocessing = 0;
		};
		D0D229701D90D56C00810687 /* Resources */ = {
			isa = PBXResourcesBuildPhase;
			buildActionMask = 2147483647;
			files = (
			);
			runOnlyForDeploymentPostprocessing = 0;
		};
/* End PBXResourcesBuildPhase section */

/* Begin PBXSourcesBuildPhase section */
		D0D2294A1D90D56C00810687 /* Sources */ = {
			isa = PBXSourcesBuildPhase;
			buildActionMask = 2147483647;
			files = (
				D0D229591D90D56C00810687 /* ViewController.m in Sources */,
				D0D229561D90D56C00810687 /* AppDelegate.m in Sources */,
				D0D229531D90D56C00810687 /* main.m in Sources */,
			);
			runOnlyForDeploymentPostprocessing = 0;
		};
		D0D229631D90D56C00810687 /* Sources */ = {
			isa = PBXSourcesBuildPhase;
			buildActionMask = 2147483647;
			files = (
				D0D2296C1D90D56C00810687 /* oooTests.m in Sources */,
			);
			runOnlyForDeploymentPostprocessing = 0;
		};
		D0D2296E1D90D56C00810687 /* Sources */ = {
			isa = PBXSourcesBuildPhase;
			buildActionMask = 2147483647;
			files = (
				D0D229771D90D56C00810687 /* oooUITests.m in Sources */,
			);
			runOnlyForDeploymentPostprocessing = 0;
		};
/* End PBXSourcesBuildPhase section */

/* Begin PBXTargetDependency section */
		D0D229691D90D56C00810687 /* PBXTargetDependency */ = {
			isa = PBXTargetDependency;
			target = D0D2294D1D90D56C00810687 /* ooo */;
			targetProxy = D0D229681D90D56C00810687 /* PBXContainerItemProxy */;
		};
		D0D229741D90D56C00810687 /* PBXTargetDependency */ = {
			isa = PBXTargetDependency;
			target = D0D2294D1D90D56C00810687 /* ooo */;
			targetProxy = D0D229731D90D56C00810687 /* PBXContainerItemProxy */;
		};
/* End PBXTargetDependency section */

/* Begin PBXVariantGroup section */
		D0D2295A1D90D56C00810687 /* Main.storyboard */ = {
			isa = PBXVariantGroup;
			children = (
				D0D2295B1D90D56C00810687 /* Base */,
			);
			name = Main.storyboard;
			sourceTree = "<group>";
		};
		D0D2295F1D90D56C00810687 /* LaunchScreen.storyboard */ = {
			isa = PBXVariantGroup;
			children = (
				D0D229601D90D56C00810687 /* Base */,
			);
			name = LaunchScreen.storyboard;
			sourceTree = "<group>";
		};
/* End PBXVariantGroup section */

/* Begin XCBuildConfiguration section */
		D0D229791D90D56C00810687 /* Debug */ = {
			isa = XCBuildConfiguration;
			buildSettings = {
				ALWAYS_SEARCH_USER_PATHS = NO;
				CLANG_ANALYZER_NONNULL = YES;
				CLANG_CXX_LANGUAGE_STANDARD = "gnu++0x";
				CLANG_CXX_LIBRARY = "libc++";
				CLANG_ENABLE_MODULES = YES;
				CLANG_ENABLE_OBJC_ARC = YES;
				CLANG_WARN_BOOL_CONVERSION = YES;
				CLANG_WARN_CONSTANT_CONVERSION = YES;
				CLANG_WARN_DIRECT_OBJC_ISA_USAGE = YES_ERROR;
				CLANG_WARN_DOCUMENTATION_COMMENTS = YES;
				CLANG_WARN_EMPTY_BODY = YES;
				CLANG_WARN_ENUM_CONVERSION = YES;
				CLANG_WARN_INFINITE_RECURSION = YES;
				CLANG_WARN_INT_CONVERSION = YES;
				CLANG_WARN_OBJC_ROOT_CLASS = YES_ERROR;
				CLANG_WARN_SUSPICIOUS_MOVES = YES;
				CLANG_WARN_UNREACHABLE_CODE = YES;
				CLANG_WARN__DUPLICATE_METHOD_MATCH = YES;
				"CODE_SIGN_IDENTITY[sdk=iphoneos*]" = "iPhone Developer";
				COPY_PHASE_STRIP = NO;
				DEBUG_INFORMATION_FORMAT = dwarf;
				ENABLE_STRICT_OBJC_MSGSEND = YES;
				ENABLE_TESTABILITY = YES;
				GCC_C_LANGUAGE_STANDARD = gnu99;
				GCC_DYNAMIC_NO_PIC = NO;
				GCC_NO_COMMON_BLOCKS = YES;
				GCC_OPTIMIZATION_LEVEL = 0;
				GCC_PREPROCESSOR_DEFINITIONS = (
					"DEBUG=1",
					"$(inherited)",
				);
				GCC_WARN_64_TO_32_BIT_CONVERSION = YES;
				GCC_WARN_ABOUT_RETURN_TYPE = YES_ERROR;
				GCC_WARN_UNDECLARED_SELECTOR = YES;
				GCC_WARN_UNINITIALIZED_AUTOS = YES_AGGRESSIVE;
				GCC_WARN_UNUSED_FUNCTION = YES;
				GCC_WARN_UNUSED_VARIABLE = YES;
				IPHONEOS_DEPLOYMENT_TARGET = 10.0;
				MTL_ENABLE_DEBUG_INFO = YES;
				ONLY_ACTIVE_ARCH = YES;
				SDKROOT = iphoneos;
			};
			name = Debug;
		};
		D0D2297A1D90D56C00810687 /* Release */ = {
			isa = XCBuildConfiguration;
			buildSettings = {
				ALWAYS_SEARCH_USER_PATHS = NO;
				CLANG_ANALYZER_NONNULL = YES;
				CLANG_CXX_LANGUAGE_STANDARD = "gnu++0x";
				CLANG_CXX_LIBRARY = "libc++";
				CLANG_ENABLE_MODULES = YES;
				CLANG_ENABLE_OBJC_ARC = YES;
				CLANG_WARN_BOOL_CONVERSION = YES;
				CLANG_WARN_CONSTANT_CONVERSION = YES;
				CLANG_WARN_DIRECT_OBJC_ISA_USAGE = YES_ERROR;
				CLANG_WARN_DOCUMENTATION_COMMENTS = YES;
				CLANG_WARN_EMPTY_BODY = YES;
				CLANG_WARN_ENUM_CONVERSION = YES;
				CLANG_WARN_INFINITE_RECURSION = YES;
				CLANG_WARN_INT_CONVERSION = YES;
				CLANG_WARN_OBJC_ROOT_CLASS = YES_ERROR;
				CLANG_WARN_SUSPICIOUS_MOVES = YES;
				CLANG_WARN_UNREACHABLE_CODE = YES;
				CLANG_WARN__DUPLICATE_METHOD_MATCH = YES;
				"CODE_SIGN_IDENTITY[sdk=iphoneos*]" = "iPhone Developer";
				COPY_PHASE_STRIP = NO;
				DEBUG_INFORMATION_FORMAT = "dwarf-with-dsym";
				ENABLE_NS_ASSERTIONS = NO;
				ENABLE_STRICT_OBJC_MSGSEND = YES;
				GCC_C_LANGUAGE_STANDARD = gnu99;
				GCC_NO_COMMON_BLOCKS = YES;
				GCC_WARN_64_TO_32_BIT_CONVERSION = YES;
				GCC_WARN_ABOUT_RETURN_TYPE = YES_ERROR;
				GCC_WARN_UNDECLARED_SELECTOR = YES;
				GCC_WARN_UNINITIALIZED_AUTOS = YES_AGGRESSIVE;
				GCC_WARN_UNUSED_FUNCTION = YES;
				GCC_WARN_UNUSED_VARIABLE = YES;
				IPHONEOS_DEPLOYMENT_TARGET = 10.0;
				MTL_ENABLE_DEBUG_INFO = NO;
				SDKROOT = iphoneos;
				VALIDATE_PRODUCT = YES;
			};
			name = Release;
		};
		D0D2297C1D90D56C00810687 /* Debug */ = {
			isa = XCBuildConfiguration;
			buildSettings = {
				ASSETCATALOG_COMPILER_APPICON_NAME = AppIcon;
				INFOPLIST_FILE = ooo/Info.plist;
				LD_RUNPATH_SEARCH_PATHS = "$(inherited) @executable_path/Frameworks";
				PRODUCT_BUNDLE_IDENTIFIER = cn.itcast.ios.ooo;
				PRODUCT_NAME = "$(TARGET_NAME)";
			};
			name = Debug;
		};
		D0D2297D1D90D56C00810687 /* Release */ = {
			isa = XCBuildConfiguration;
			buildSettings = {
				ASSETCATALOG_COMPILER_APPICON_NAME = AppIcon;
				INFOPLIST_FILE = ooo/Info.plist;
				LD_RUNPATH_SEARCH_PATHS = "$(inherited) @executable_path/Frameworks";
				PRODUCT_BUNDLE_IDENTIFIER = cn.itcast.ios.ooo;
				PRODUCT_NAME = "$(TARGET_NAME)";
			};
			name = Release;
		};
		D0D2297F1D90D56C00810687 /* Debug */ = {
			isa = XCBuildConfiguration;
			buildSettings = {
				BUNDLE_LOADER = "$(TEST_HOST)";
				INFOPLIST_FILE = oooTests/Info.plist;
				LD_RUNPATH_SEARCH_PATHS = "$(inherited) @executable_path/Frameworks @loader_path/Frameworks";
				PRODUCT_BUNDLE_IDENTIFIER = cn.itcast.ios.oooTests;
				PRODUCT_NAME = "$(TARGET_NAME)";
				TEST_HOST = "$(BUILT_PRODUCTS_DIR)/ooo.app/ooo";
			};
			name = Debug;
		};
		D0D229801D90D56C00810687 /* Release */ = {
			isa = XCBuildConfiguration;
			buildSettings = {
				BUNDLE_LOADER = "$(TEST_HOST)";
				INFOPLIST_FILE = oooTests/Info.plist;
				LD_RUNPATH_SEARCH_PATHS = "$(inherited) @executable_path/Frameworks @loader_path/Frameworks";
				PRODUCT_BUNDLE_IDENTIFIER = cn.itcast.ios.oooTests;
				PRODUCT_NAME = "$(TARGET_NAME)";
				TEST_HOST = "$(BUILT_PRODUCTS_DIR)/ooo.app/ooo";
			};
			name = Release;
		};
		D0D229821D90D56C00810687 /* Debug */ = {
			isa = XCBuildConfiguration;
			buildSettings = {
				INFOPLIST_FILE = oooUITests/Info.plist;
				LD_RUNPATH_SEARCH_PATHS = "$(inherited) @executable_path/Frameworks @loader_path/Frameworks";
				PRODUCT_BUNDLE_IDENTIFIER = cn.itcast.ios.oooUITests;
				PRODUCT_NAME = "$(TARGET_NAME)";
				TEST_TARGET_NAME = ooo;
			};
			name = Debug;
		};
		D0D229831D90D56C00810687 /* Release */ = {
			isa = XCBuildConfiguration;
			buildSettings = {
				INFOPLIST_FILE = oooUITests/Info.plist;
				LD_RUNPATH_SEARCH_PATHS = "$(inherited) @executable_path/Frameworks @loader_path/Frameworks";
				PRODUCT_BUNDLE_IDENTIFIER = cn.itcast.ios.oooUITests;
				PRODUCT_NAME = "$(TARGET_NAME)";
				TEST_TARGET_NAME = ooo;
			};
			name = Release;
		};
/* End XCBuildConfiguration section */

/* Begin XCConfigurationList section */
		D0D229491D90D56C00810687 /* Build configuration list for PBXProject "ooo" */ = {
			isa = XCConfigurationList;
			buildConfigurations = (
				D0D229791D90D56C00810687 /* Debug */,
				D0D2297A1D90D56C00810687 /* Release */,
			);
			defaultConfigurationIsVisible = 0;
			defaultConfigurationName = Release;
		};
		D0D2297B1D90D56C00810687 /* Build configuration list for PBXNativeTarget "ooo" */ = {
			isa = XCConfigurationList;
			buildConfigurations = (
				D0D2297C1D90D56C00810687 /* Debug */,
				D0D2297D1D90D56C00810687 /* Release */,
			);
			defaultConfigurationIsVisible = 0;
		};
		D0D2297E1D90D56C00810687 /* Build configuration list for PBXNativeTarget "oooTests" */ = {
			isa = XCConfigurationList;
			buildConfigurations = (
				D0D2297F1D90D56C00810687 /* Debug */,
				D0D229801D90D56C00810687 /* Release */,
			);
			defaultConfigurationIsVisible = 0;
		};
		D0D229811D90D56C00810687 /* Build configuration list for PBXNativeTarget "oooUITests" */ = {
			isa = XCConfigurationList;
			buildConfigurations = (
				D0D229821D90D56C00810687 /* Debug */,
				D0D229831D90D56C00810687 /* Release */,
			);
			defaultConfigurationIsVisible = 0;
		};
/* End XCConfigurationList section */
	};
	rootObject = D0D229461D90D56C00810687 /* Project object */;
}
